// !$*UTF8*$!
{
	archiveVersion = 1;
	classes = {
	};
	objectVersion = 46;
	objects = {

/* Begin PBXBuildFile section */
		ECA952A8171BEEAE003ED31C /* Cocoa.framework in Frameworks */ = {isa = PBXBuildFile; fileRef = ECA952A7171BEEAE003ED31C /* Cocoa.framework */; };
		ECA952B2171BEEAE003ED31C /* InfoPlist.strings in Resources */ = {isa = PBXBuildFile; fileRef = ECA952B0171BEEAE003ED31C /* InfoPlist.strings */; };
		ECA952B4171BEEAE003ED31C /* main.m in Sources */ = {isa = PBXBuildFile; fileRef = ECA952B3171BEEAE003ED31C /* main.m */; };
		ECA952B8171BEEAE003ED31C /* Credits.rtf in Resources */ = {isa = PBXBuildFile; fileRef = ECA952B6171BEEAE003ED31C /* Credits.rtf */; };
		ECA952BB171BEEAE003ED31C /* AppDelegate.m in Sources */ = {isa = PBXBuildFile; fileRef = ECA952BA171BEEAE003ED31C /* AppDelegate.m */; };
		ECA952BE171BEEAE003ED31C /* MainMenu.xib in Resources */ = {isa = PBXBuildFile; fileRef = ECA952BC171BEEAE003ED31C /* MainMenu.xib */; };
		ECA952C9171BEEDF003ED31C /* Cocoa.framework in Frameworks */ = {isa = PBXBuildFile; fileRef = ECA952A7171BEEAE003ED31C /* Cocoa.framework */; };
		ECA952CF171BEEDF003ED31C /* BFRulerView.m in Sources */ = {isa = PBXBuildFile; fileRef = ECA952CE171BEEDF003ED31C /* BFRulerView.m */; };
		ECA952D5171BF037003ED31C /* libBFRulerView.a in Frameworks */ = {isa = PBXBuildFile; fileRef = ECA952C8171BEEDF003ED31C /* libBFRulerView.a */; };
/* End PBXBuildFile section */

/* Begin PBXContainerItemProxy section */
		ECA952D3171BF031003ED31C /* PBXContainerItemProxy */ = {
			isa = PBXContainerItemProxy;
			containerPortal = ECA9529C171BEEAE003ED31C /* Project object */;
			proxyType = 1;
			remoteGlobalIDString = ECA952C7171BEEDF003ED31C;
			remoteInfo = BFRulerView;
		};
/* End PBXContainerItemProxy section */

/* Begin PBXFileReference section */
		ECA952A4171BEEAE003ED31C /* Demo.app */ = {isa = PBXFileReference; explicitFileType = wrapper.application; includeInIndex = 0; path = Demo.app; sourceTree = BUILT_PRODUCTS_DIR; };
		ECA952A7171BEEAE003ED31C /* Cocoa.framework */ = {isa = PBXFileReference; lastKnownFileType = wrapper.framework; name = Cocoa.framework; path = System/Library/Frameworks/Cocoa.framework; sourceTree = SDKROOT; };
		ECA952AA171BEEAE003ED31C /* AppKit.framework */ = {isa = PBXFileReference; lastKnownFileType = wrapper.framework; name = AppKit.framework; path = System/Library/Frameworks/AppKit.framework; sourceTree = SDKROOT; };
		ECA952AB171BEEAE003ED31C /* CoreData.framework */ = {isa = PBXFileReference; lastKnownFileType = wrapper.framework; name = CoreData.framework; path = System/Library/Frameworks/CoreData.framework; sourceTree = SDKROOT; };
		ECA952AC171BEEAE003ED31C /* Foundation.framework */ = {isa = PBXFileReference; lastKnownFileType = wrapper.framework; name = Foundation.framework; path = System/Library/Frameworks/Foundation.framework; sourceTree = SDKROOT; };
		ECA952AF171BEEAE003ED31C /* Demo-Info.plist */ = {isa = PBXFileReference; lastKnownFileType = text.plist.xml; path = "Demo-Info.plist"; sourceTree = "<group>"; };
		ECA952B1171BEEAE003ED31C /* en */ = {isa = PBXFileReference; lastKnownFileType = text.plist.strings; name = en; path = en.lproj/InfoPlist.strings; sourceTree = "<group>"; };
		ECA952B3171BEEAE003ED31C /* main.m */ = {isa = PBXFileReference; lastKnownFileType = sourcecode.c.objc; path = main.m; sourceTree = "<group>"; };
		ECA952B5171BEEAE003ED31C /* Demo-Prefix.pch */ = {isa = PBXFileReference; lastKnownFileType = sourcecode.c.h; path = "Demo-Prefix.pch"; sourceTree = "<group>"; };
		ECA952B7171BEEAE003ED31C /* en */ = {isa = PBXFileReference; lastKnownFileType = text.rtf; name = en; path = en.lproj/Credits.rtf; sourceTree = "<group>"; };
		ECA952B9171BEEAE003ED31C /* AppDelegate.h */ = {isa = PBXFileReference; lastKnownFileType = sourcecode.c.h; path = AppDelegate.h; sourceTree = "<group>"; };
		ECA952BA171BEEAE003ED31C /* AppDelegate.m */ = {isa = PBXFileReference; lastKnownFileType = sourcecode.c.objc; path = AppDelegate.m; sourceTree = "<group>"; };
		ECA952BD171BEEAE003ED31C /* en */ = {isa = PBXFileReference; lastKnownFileType = file.xib; name = en; path = en.lproj/MainMenu.xib; sourceTree = "<group>"; };
		ECA952C8171BEEDF003ED31C /* libBFRulerView.a */ = {isa = PBXFileReference; explicitFileType = archive.ar; includeInIndex = 0; path = libBFRulerView.a; sourceTree = BUILT_PRODUCTS_DIR; };
		ECA952CC171BEEDF003ED31C /* BFRulerView-Prefix.pch */ = {isa = PBXFileReference; lastKnownFileType = sourcecode.c.h; path = "BFRulerView-Prefix.pch"; sourceTree = "<group>"; };
		ECA952CD171BEEDF003ED31C /* BFRulerView.h */ = {isa = PBXFileReference; lastKnownFileType = sourcecode.c.h; path = BFRulerView.h; sourceTree = "<group>"; };
		ECA952CE171BEEDF003ED31C /* BFRulerView.m */ = {isa = PBXFileReference; lastKnownFileType = sourcecode.c.objc; path = BFRulerView.m; sourceTree = "<group>"; };
/* End PBXFileReference section */

/* Begin PBXFrameworksBuildPhase section */
		ECA952A1171BEEAE003ED31C /* Frameworks */ = {
			isa = PBXFrameworksBuildPhase;
			buildActionMask = 2147483647;
			files = (
				ECA952D5171BF037003ED31C /* libBFRulerView.a in Frameworks */,
				ECA952A8171BEEAE003ED31C /* Cocoa.framework in Frameworks */,
			);
			runOnlyForDeploymentPostprocessing = 0;
		};
		ECA952C5171BEEDF003ED31C /* Frameworks */ = {
			isa = PBXFrameworksBuildPhase;
			buildActionMask = 2147483647;
			files = (
				ECA952C9171BEEDF003ED31C /* Cocoa.framework in Frameworks */,
			);
			runOnlyForDeploymentPostprocessing = 0;
		};
/* End PBXFrameworksBuildPhase section */

/* Begin PBXGroup section */
		ECA9529B171BEEAE003ED31C = {
			isa = PBXGroup;
			children = (
				ECA952CA171BEEDF003ED31C /* BFRulerView */,
				ECA952AD171BEEAE003ED31C /* Demo */,
				ECA952A6171BEEAE003ED31C /* Frameworks */,
				ECA952A5171BEEAE003ED31C /* Products */,
			);
			sourceTree = "<group>";
		};
		ECA952A5171BEEAE003ED31C /* Products */ = {
			isa = PBXGroup;
			children = (
				ECA952A4171BEEAE003ED31C /* Demo.app */,
				ECA952C8171BEEDF003ED31C /* libBFRulerView.a */,
			);
			name = Products;
			sourceTree = "<group>";
		};
		ECA952A6171BEEAE003ED31C /* Frameworks */ = {
			isa = PBXGroup;
			children = (
				ECA952A7171BEEAE003ED31C /* Cocoa.framework */,
				ECA952A9171BEEAE003ED31C /* Other Frameworks */,
			);
			name = Frameworks;
			sourceTree = "<group>";
		};
		ECA952A9171BEEAE003ED31C /* Other Frameworks */ = {
			isa = PBXGroup;
			children = (
				ECA952AA171BEEAE003ED31C /* AppKit.framework */,
				ECA952AB171BEEAE003ED31C /* CoreData.framework */,
				ECA952AC171BEEAE003ED31C /* Foundation.framework */,
			);
			name = "Other Frameworks";
			sourceTree = "<group>";
		};
		ECA952AD171BEEAE003ED31C /* Demo */ = {
			isa = PBXGroup;
			children = (
				ECA952B9171BEEAE003ED31C /* AppDelegate.h */,
				ECA952BA171BEEAE003ED31C /* AppDelegate.m */,
				ECA952BC171BEEAE003ED31C /* MainMenu.xib */,
				ECA952AE171BEEAE003ED31C /* Supporting Files */,
			);
			path = Demo;
			sourceTree = "<group>";
		};
		ECA952AE171BEEAE003ED31C /* Supporting Files */ = {
			isa = PBXGroup;
			children = (
				ECA952AF171BEEAE003ED31C /* Demo-Info.plist */,
				ECA952B0171BEEAE003ED31C /* InfoPlist.strings */,
				ECA952B3171BEEAE003ED31C /* main.m */,
				ECA952B5171BEEAE003ED31C /* Demo-Prefix.pch */,
				ECA952B6171BEEAE003ED31C /* Credits.rtf */,
			);
			name = "Supporting Files";
			sourceTree = "<group>";
		};
		ECA952CA171BEEDF003ED31C /* BFRulerView */ = {
			isa = PBXGroup;
			children = (
				ECA952CD171BEEDF003ED31C /* BFRulerView.h */,
				ECA952CE171BEEDF003ED31C /* BFRulerView.m */,
				ECA952CB171BEEDF003ED31C /* Supporting Files */,
			);
			path = BFRulerView;
			sourceTree = "<group>";
		};
		ECA952CB171BEEDF003ED31C /* Supporting Files */ = {
			isa = PBXGroup;
			children = (
				ECA952CC171BEEDF003ED31C /* BFRulerView-Prefix.pch */,
			);
			name = "Supporting Files";
			sourceTree = "<group>";
		};
/* End PBXGroup section */

/* Begin PBXHeadersBuildPhase section */
		ECA952C6171BEEDF003ED31C /* Headers */ = {
			isa = PBXHeadersBuildPhase;
			buildActionMask = 2147483647;
			files = (
			);
			runOnlyForDeploymentPostprocessing = 0;
		};
/* End PBXHeadersBuildPhase section */

/* Begin PBXNativeTarget section */
		ECA952A3171BEEAE003ED31C /* Demo */ = {
			isa = PBXNativeTarget;
			buildConfigurationList = ECA952C1171BEEAE003ED31C /* Build configuration list for PBXNativeTarget "Demo" */;
			buildPhases = (
				ECA952A0171BEEAE003ED31C /* Sources */,
				ECA952A1171BEEAE003ED31C /* Frameworks */,
				ECA952A2171BEEAE003ED31C /* Resources */,
			);
			buildRules = (
			);
			dependencies = (
				ECA952D4171BF031003ED31C /* PBXTargetDependency */,
			);
			name = Demo;
			productName = Demo;
			productReference = ECA952A4171BEEAE003ED31C /* Demo.app */;
			productType = "com.apple.product-type.application";
		};
		ECA952C7171BEEDF003ED31C /* BFRulerView */ = {
			isa = PBXNativeTarget;
			buildConfigurationList = ECA952D0171BEEDF003ED31C /* Build configuration list for PBXNativeTarget "BFRulerView" */;
			buildPhases = (
				ECA952C4171BEEDF003ED31C /* Sources */,
				ECA952C5171BEEDF003ED31C /* Frameworks */,
				ECA952C6171BEEDF003ED31C /* Headers */,
			);
			buildRules = (
			);
			dependencies = (
			);
			name = BFRulerView;
			productName = BFRulerView;
			productReference = ECA952C8171BEEDF003ED31C /* libBFRulerView.a */;
			productType = "com.apple.product-type.library.static";
		};
/* End PBXNativeTarget section */

/* Begin PBXProject section */
		ECA9529C171BEEAE003ED31C /* Project object */ = {
			isa = PBXProject;
			attributes = {
				LastUpgradeCheck = 0460;
				ORGANIZATIONNAME = "Balazs Faludi";
			};
			buildConfigurationList = ECA9529F171BEEAE003ED31C /* Build configuration list for PBXProject "Demo" */;
			compatibilityVersion = "Xcode 3.2";
			developmentRegion = English;
			hasScannedForEncodings = 0;
			knownRegions = (
				en,
			);
			mainGroup = ECA9529B171BEEAE003ED31C;
			productRefGroup = ECA952A5171BEEAE003ED31C /* Products */;
			projectDirPath = "";
			projectRoot = "";
			targets = (
				ECA952A3171BEEAE003ED31C /* Demo */,
				ECA952C7171BEEDF003ED31C /* BFRulerView */,
			);
		};
/* End PBXProject section */

/* Begin PBXResourcesBuildPhase section */
		ECA952A2171BEEAE003ED31C /* Resources */ = {
			isa = PBXResourcesBuildPhase;
			buildActionMask = 2147483647;
			files = (
				ECA952B2171BEEAE003ED31C /* InfoPlist.strings in Resources */,
				ECA952B8171BEEAE003ED31C /* Credits.rtf in Resources */,
				ECA952BE171BEEAE003ED31C /* MainMenu.xib in Resources */,
			);
			runOnlyForDeploymentPostprocessing = 0;
		};
/* End PBXResourcesBuildPhase section */

/* Begin PBXSourcesBuildPhase section */
		ECA952A0171BEEAE003ED31C /* Sources */ = {
			isa = PBXSourcesBuildPhase;
			buildActionMask = 2147483647;
			files = (
				ECA952B4171BEEAE003ED31C /* main.m in Sources */,
				ECA952BB171BEEAE003ED31C /* AppDelegate.m in Sources */,
			);
			runOnlyForDeploymentPostprocessing = 0;
		};
		ECA952C4171BEEDF003ED31C /* Sources */ = {
			isa = PBXSourcesBuildPhase;
			buildActionMask = 2147483647;
			files = (
				ECA952CF171BEEDF003ED31C /* BFRulerView.m in Sources */,
			);
			runOnlyForDeploymentPostprocessing = 0;
		};
/* End PBXSourcesBuildPhase section */

/* Begin PBXTargetDependency section */
		ECA952D4171BF031003ED31C /* PBXTargetDependency */ = {
			isa = PBXTargetDependency;
			target = ECA952C7171BEEDF003ED31C /* BFRulerView */;
			targetProxy = ECA952D3171BF031003ED31C /* PBXContainerItemProxy */;
		};
/* End PBXTargetDependency section */

/* Begin PBXVariantGroup section */
		ECA952B0171BEEAE003ED31C /* InfoPlist.strings */ = {
			isa = PBXVariantGroup;
			children = (
				ECA952B1171BEEAE003ED31C /* en */,
			);
			name = InfoPlist.strings;
			sourceTree = "<group>";
		};
		ECA952B6171BEEAE003ED31C /* Credits.rtf */ = {
			isa = PBXVariantGroup;
			children = (
				ECA952B7171BEEAE003ED31C /* en */,
			);
			name = Credits.rtf;
			sourceTree = "<group>";
		};
		ECA952BC171BEEAE003ED31C /* MainMenu.xib */ = {
			isa = PBXVariantGroup;
			children = (
				ECA952BD171BEEAE003ED31C /* en */,
			);
			name = MainMenu.xib;
			sourceTree = "<group>";
		};
/* End PBXVariantGroup section */

/* Begin XCBuildConfiguration section */
		ECA952BF171BEEAE003ED31C /* Debug */ = {
			isa = XCBuildConfiguration;
			buildSettings = {
				ALWAYS_SEARCH_USER_PATHS = YES;
				ARCHS = "$(ARCHS_STANDARD_64_BIT)";
				CLANG_CXX_LANGUAGE_STANDARD = "gnu++0x";
				CLANG_CXX_LIBRARY = "libc++";
				CLANG_ENABLE_OBJC_ARC = YES;
				CLANG_WARN_CONSTANT_CONVERSION = YES;
				CLANG_WARN_EMPTY_BODY = YES;
				CLANG_WARN_ENUM_CONVERSION = YES;
				CLANG_WARN_INT_CONVERSION = YES;
				CLANG_WARN__DUPLICATE_METHOD_MATCH = YES;
				COPY_PHASE_STRIP = NO;
				GCC_C_LANGUAGE_STANDARD = gnu99;
				GCC_DYNAMIC_NO_PIC = NO;
				GCC_ENABLE_OBJC_EXCEPTIONS = YES;
				GCC_OPTIMIZATION_LEVEL = 0;
				GCC_PREPROCESSOR_DEFINITIONS = (
					"DEBUG=1",
					"$(inherited)",
				);
				GCC_SYMBOLS_PRIVATE_EXTERN = NO;
				GCC_WARN_64_TO_32_BIT_CONVERSION = YES;
				GCC_WARN_ABOUT_RETURN_TYPE = YES;
				GCC_WARN_UNINITIALIZED_AUTOS = YES;
				GCC_WARN_UNUSED_VARIABLE = YES;
				MACOSX_DEPLOYMENT_TARGET = 10.8;
				ONLY_ACTIVE_ARCH = YES;
				SDKROOT = macosx;
			};
			name = Debug;
		};
		ECA952C0171BEEAE003ED31C /* Release */ = {
			isa = XCBuildConfiguration;
			buildSettings = {
				ALWAYS_SEARCH_USER_PATHS = YES;
				ARCHS = "$(ARCHS_STANDARD_64_BIT)";
				CLANG_CXX_LANGUAGE_STANDARD = "gnu++0x";
				CLANG_CXX_LIBRARY = "libc++";
				CLANG_ENABLE_OBJC_ARC = YES;
				CLANG_WARN_CONSTANT_CONVERSION = YES;
				CLANG_WARN_EMPTY_BODY = YES;
				CLANG_WARN_ENUM_CONVERSION = YES;
				CLANG_WARN_INT_CONVERSION = YES;
				CLANG_WARN__DUPLICATE_METHOD_MATCH = YES;
				COPY_PHASE_STRIP = YES;
				DEBUG_INFORMATION_FORMAT = "dwarf-with-dsym";
				GCC_C_LANGUAGE_STANDARD = gnu99;
				GCC_ENABLE_OBJC_EXCEPTIONS = YES;
				GCC_WARN_64_TO_32_BIT_CONVERSION = YES;
				GCC_WARN_ABOUT_RETURN_TYPE = YES;
				GCC_WARN_UNINITIALIZED_AUTOS = YES;
				GCC_WARN_UNUSED_VARIABLE = YES;
				MACOSX_DEPLOYMENT_TARGET = 10.8;
				SDKROOT = macosx;
			};
			name = Release;
		};
		ECA952C2171BEEAE003ED31C /* Debug */ = {
			isa = XCBuildConfiguration;
			buildSettings = {
				COMBINE_HIDPI_IMAGES = YES;
				FRAMEWORK_SEARCH_PATHS = "./**";
				GCC_PRECOMPILE_PREFIX_HEADER = YES;
				GCC_PREFIX_HEADER = "Demo/Demo-Prefix.pch";
				HEADER_SEARCH_PATHS = "./**";
				INFOPLIST_FILE = "Demo/Demo-Info.plist";
				LIBRARY_SEARCH_PATHS = "./**";
				OTHER_LDFLAGS = (
					"-all_load",
					"-ObjC",
				);
				PRODUCT_NAME = "$(TARGET_NAME)";
				WRAPPER_EXTENSION = app;
			};
			name = Debug;
		};
		ECA952C3171BEEAE003ED31C /* Release */ = {
			isa = XCBuildConfiguration;
			buildSettings = {
				COMBINE_HIDPI_IMAGES = YES;
				FRAMEWORK_SEARCH_PATHS = "./**";
				GCC_PRECOMPILE_PREFIX_HEADER = YES;
				GCC_PREFIX_HEADER = "Demo/Demo-Prefix.pch";
				HEADER_SEARCH_PATHS = "./**";
				INFOPLIST_FILE = "Demo/Demo-Info.plist";
				LIBRARY_SEARCH_PATHS = "./**";
				OTHER_LDFLAGS = (
					"-all_load",
					"-ObjC",
				);
				PRODUCT_NAME = "$(TARGET_NAME)";
				WRAPPER_EXTENSION = app;
			};
			name = Release;
		};
		ECA952D1171BEEDF003ED31C /* Debug */ = {
			isa = XCBuildConfiguration;
			buildSettings = {
				GCC_PRECOMPILE_PREFIX_HEADER = YES;
				GCC_PREFIX_HEADER = "BFRulerView/BFRulerView-Prefix.pch";
				PRODUCT_NAME = "$(TARGET_NAME)";
			};
			name = Debug;
		};
		ECA952D2171BEEDF003ED31C /* Release */ = {
			isa = XCBuildConfiguration;
			buildSettings = {
				GCC_PRECOMPILE_PREFIX_HEADER = YES;
				GCC_PREFIX_HEADER = "BFRulerView/BFRulerView-Prefix.pch";
				PRODUCT_NAME = "$(TARGET_NAME)";
			};
			name = Release;
		};
/* End XCBuildConfiguration section */

/* Begin XCConfigurationList section */
		ECA9529F171BEEAE003ED31C /* Build configuration list for PBXProject "Demo" */ = {
			isa = XCConfigurationList;
			buildConfigurations = (
				ECA952BF171BEEAE003ED31C /* Debug */,
				ECA952C0171BEEAE003ED31C /* Release */,
			);
			defaultConfigurationIsVisible = 0;
			defaultConfigurationName = Release;
		};
		ECA952C1171BEEAE003ED31C /* Build configuration list for PBXNativeTarget "Demo" */ = {
			isa = XCConfigurationList;
			buildConfigurations = (
				ECA952C2171BEEAE003ED31C /* Debug */,
				ECA952C3171BEEAE003ED31C /* Release */,
			);
			defaultConfigurationIsVisible = 0;
		};
		ECA952D0171BEEDF003ED31C /* Build configuration list for PBXNativeTarget "BFRulerView" */ = {
			isa = XCConfigurationList;
			buildConfigurations = (
				ECA952D1171BEEDF003ED31C /* Debug */,
				ECA952D2171BEEDF003ED31C /* Release */,
			);
			defaultConfigurationIsVisible = 0;
		};
/* End XCConfigurationList section */
	};
	rootObject = ECA9529C171BEEAE003ED31C /* Project object */;
}
